
Microsoft Visual Studio Solution File, Format Version 12.00
# Visual Studio Version 17
VisualStudioVersion = 17.11.35312.102
MinimumVisualStudioVersion = 10.0.40219.1
Project("{FAE04EC0-301F-11D3-BF4B-00C04F79EFBC}") = "JenkinsDLL", "JenkinsDLL\JenkinsDLL.csproj", "{F20E7DAB-8CFD-4651-9866-3CAF4822A410}"
EndProject
Project("{FAE04EC0-301F-11D3-BF4B-00C04F79EFBC}") = "Operation", "Operation\Operation.csproj", "{8E3871F4-0200-4B47-A495-77EC1590A475}"
EndProject
Project("{FAE04EC0-301F-11D3-BF4B-00C04F79EFBC}") = "JenkinsTest", "JenkinsTest\JenkinsTest.csproj", "{CDD582BB-BAE7-4F67-AFBD-480200FD5307}"
EndProject
Global
	GlobalSection(SolutionConfigurationPlatforms) = preSolution
		Debug|Any CPU = Debug|Any CPU
		Release|Any CPU = Release|Any CPU
	EndGlobalSection
	GlobalSection(ProjectConfigurationPlatforms) = postSolution
		{F20E7DAB-8CFD-4651-9866-3CAF4822A410}.Debug|Any CPU.ActiveCfg = Debug|Any CPU
		{F20E7DAB-8CFD-4651-9866-3CAF4822A410}.Debug|Any CPU.Build.0 = Debug|Any CPU
		{F20E7DAB-8CFD-4651-9866-3CAF4822A410}.Release|Any CPU.ActiveCfg = Release|Any CPU
		{F20E7DAB-8CFD-4651-9866-3CAF4822A410}.Release|Any CPU.Build.0 = Release|Any CPU
		{8E3871F4-0200-4B47-A495-77EC1590A475}.Debug|Any CPU.ActiveCfg = Debug|Any CPU
		{8E3871F4-0200-4B47-A495-77EC1590A475}.Debug|Any CPU.Build.0 = Debug|Any CPU
		{8E3871F4-0200-4B47-A495-77EC1590A475}.Release|Any CPU.ActiveCfg = Release|Any CPU
		{8E3871F4-0200-4B47-A495-77EC1590A475}.Release|Any CPU.Build.0 = Release|Any CPU
		{CDD582BB-BAE7-4F67-AFBD-480200FD5307}.Debug|Any CPU.ActiveCfg = Debug|Any CPU
		{CDD582BB-BAE7-4F67-AFBD-480200FD5307}.Debug|Any CPU.Build.0 = Debug|Any CPU
		{CDD582BB-BAE7-4F67-AFBD-480200FD5307}.Release|Any CPU.ActiveCfg = Release|Any CPU
		{CDD582BB-BAE7-4F67-AFBD-480200FD5307}.Release|Any CPU.Build.0 = Release|Any CPU
	EndGlobalSection
	GlobalSection(SolutionProperties) = preSolution
		HideSolutionNode = FALSE
	EndGlobalSection
	GlobalSection(ExtensibilityGlobals) = postSolution
		SolutionGuid = {647B24A4-8730-4D13-9377-FBAAD3C52795}
	EndGlobalSection
EndGlobal
